
Microsoft Visual Studio Solution File, Format Version 12.00
# Visual Studio 15
VisualStudioVersion = 15.0.27703.2026
MinimumVisualStudioVersion = 10.0.40219.1
Project("{FAE04EC0-301F-11D3-BF4B-00C04F79EFBC}") = "Task_1", "Task_1\Task_1.csproj", "{373EC406-391C-41A9-B89F-881A5EBF5EFA}"
EndProject
Project("{FAE04EC0-301F-11D3-BF4B-00C04F79EFBC}") = "DataBinding", "DataBinding\DataBinding.csproj", "{67A46C51-9985-4B11-82B3-957F850F729E}"
EndProject
Project("{2150E333-8FDC-42A3-9474-1A3956D46DE8}") = "Clients", "Clients", "{EC4EEFE2-5B94-498B-9455-224DF1F92FFA}"
EndProject
Project("{2150E333-8FDC-42A3-9474-1A3956D46DE8}") = "Hosts", "Hosts", "{55712193-BA5F-4A98-8F4D-568A46AD9226}"
EndProject
Project("{2150E333-8FDC-42A3-9474-1A3956D46DE8}") = "CommonLib", "CommonLib", "{06A4D8DA-6077-4DD5-AD0D-8B374EDCC06A}"
EndProject
Project("{FAE04EC0-301F-11D3-BF4B-00C04F79EFBC}") = "CommonLib", "CommonLib\CommonLib.csproj", "{A20316BB-B819-48E6-92AD-7F976A751C84}"
EndProject
Project("{FAE04EC0-301F-11D3-BF4B-00C04F79EFBC}") = "Host", "Host\Host.csproj", "{BB632FDE-ECDE-4460-B044-D0A3B7F8B4F5}"
EndProject
Project("{2150E333-8FDC-42A3-9474-1A3956D46DE8}") = "Service", "Service", "{155D45A7-B708-494A-96D9-1AD51B2BFD40}"
EndProject
Project("{FAE04EC0-301F-11D3-BF4B-00C04F79EFBC}") = "AnimalService", "AnimalService\AnimalService.csproj", "{45DFF626-24F8-4E90-AE46-EBB0C84F767C}"
EndProject
Global
	GlobalSection(SolutionConfigurationPlatforms) = preSolution
		Debug|Any CPU = Debug|Any CPU
		Release|Any CPU = Release|Any CPU
	EndGlobalSection
	GlobalSection(ProjectConfigurationPlatforms) = postSolution
		{373EC406-391C-41A9-B89F-881A5EBF5EFA}.Debug|Any CPU.ActiveCfg = Debug|Any CPU
		{373EC406-391C-41A9-B89F-881A5EBF5EFA}.Debug|Any CPU.Build.0 = Debug|Any CPU
		{373EC406-391C-41A9-B89F-881A5EBF5EFA}.Release|Any CPU.ActiveCfg = Release|Any CPU
		{373EC406-391C-41A9-B89F-881A5EBF5EFA}.Release|Any CPU.Build.0 = Release|Any CPU
		{67A46C51-9985-4B11-82B3-957F850F729E}.Debug|Any CPU.ActiveCfg = Debug|Any CPU
		{67A46C51-9985-4B11-82B3-957F850F729E}.Debug|Any CPU.Build.0 = Debug|Any CPU
		{67A46C51-9985-4B11-82B3-957F850F729E}.Release|Any CPU.ActiveCfg = Release|Any CPU
		{67A46C51-9985-4B11-82B3-957F850F729E}.Release|Any CPU.Build.0 = Release|Any CPU
		{A20316BB-B819-48E6-92AD-7F976A751C84}.Debug|Any CPU.ActiveCfg = Debug|Any CPU
		{A20316BB-B819-48E6-92AD-7F976A751C84}.Debug|Any CPU.Build.0 = Debug|Any CPU
		{A20316BB-B819-48E6-92AD-7F976A751C84}.Release|Any CPU.ActiveCfg = Release|Any CPU
		{A20316BB-B819-48E6-92AD-7F976A751C84}.Release|Any CPU.Build.0 = Release|Any CPU
		{BB632FDE-ECDE-4460-B044-D0A3B7F8B4F5}.Debug|Any CPU.ActiveCfg = Debug|Any CPU
		{BB632FDE-ECDE-4460-B044-D0A3B7F8B4F5}.Debug|Any CPU.Build.0 = Debug|Any CPU
		{BB632FDE-ECDE-4460-B044-D0A3B7F8B4F5}.Release|Any CPU.ActiveCfg = Release|Any CPU
		{BB632FDE-ECDE-4460-B044-D0A3B7F8B4F5}.Release|Any CPU.Build.0 = Release|Any CPU
		{45DFF626-24F8-4E90-AE46-EBB0C84F767C}.Debug|Any CPU.ActiveCfg = Debug|Any CPU
		{45DFF626-24F8-4E90-AE46-EBB0C84F767C}.Debug|Any CPU.Build.0 = Debug|Any CPU
		{45DFF626-24F8-4E90-AE46-EBB0C84F767C}.Release|Any CPU.ActiveCfg = Release|Any CPU
		{45DFF626-24F8-4E90-AE46-EBB0C84F767C}.Release|Any CPU.Build.0 = Release|Any CPU
	EndGlobalSection
	GlobalSection(SolutionProperties) = preSolution
		HideSolutionNode = FALSE
	EndGlobalSection
	GlobalSection(NestedProjects) = preSolution
		{373EC406-391C-41A9-B89F-881A5EBF5EFA} = {EC4EEFE2-5B94-498B-9455-224DF1F92FFA}
		{67A46C51-9985-4B11-82B3-957F850F729E} = {EC4EEFE2-5B94-498B-9455-224DF1F92FFA}
		{A20316BB-B819-48E6-92AD-7F976A751C84} = {06A4D8DA-6077-4DD5-AD0D-8B374EDCC06A}
		{BB632FDE-ECDE-4460-B044-D0A3B7F8B4F5} = {55712193-BA5F-4A98-8F4D-568A46AD9226}
		{45DFF626-24F8-4E90-AE46-EBB0C84F767C} = {155D45A7-B708-494A-96D9-1AD51B2BFD40}
	EndGlobalSection
	GlobalSection(ExtensibilityGlobals) = postSolution
		SolutionGuid = {05C2F49D-FDFA-43FE-A800-74E3EDED80F2}
	EndGlobalSection
EndGlobal
