
Microsoft Visual Studio Solution File, Format Version 12.00
# Visual Studio 15
VisualStudioVersion = 15.0.27703.2026
MinimumVisualStudioVersion = 10.0.40219.1
Project("{FAE04EC0-301F-11D3-BF4B-00C04F79EFBC}") = "Task_1", "Task_1\Task_1.csproj", "{373EC406-391C-41A9-B89F-881A5EBF5EFA}"
EndProject
Project("{FAE04EC0-301F-11D3-BF4B-00C04F79EFBC}") = "DataBinding", "DataBinding\DataBinding.csproj", "{67A46C51-9985-4B11-82B3-957F850F729E}"
EndProject
Project("{FAE04EC0-301F-11D3-BF4B-00C04F79EFBC}") = "VisibilityTest", "VisibilityTest\VisibilityTest.csproj", "{F136B227-151B-41B5-BB6F-B3D87390F762}"
EndProject
Global
	GlobalSection(SolutionConfigurationPlatforms) = preSolution
		Debug|Any CPU = Debug|Any CPU
		Release|Any CPU = Release|Any CPU
	EndGlobalSection
	GlobalSection(ProjectConfigurationPlatforms) = postSolution
		{373EC406-391C-41A9-B89F-881A5EBF5EFA}.Debug|Any CPU.ActiveCfg = Debug|Any CPU
		{373EC406-391C-41A9-B89F-881A5EBF5EFA}.Debug|Any CPU.Build.0 = Debug|Any CPU
		{373EC406-391C-41A9-B89F-881A5EBF5EFA}.Release|Any CPU.ActiveCfg = Release|Any CPU
		{373EC406-391C-41A9-B89F-881A5EBF5EFA}.Release|Any CPU.Build.0 = Release|Any CPU
		{67A46C51-9985-4B11-82B3-957F850F729E}.Debug|Any CPU.ActiveCfg = Debug|Any CPU
		{67A46C51-9985-4B11-82B3-957F850F729E}.Debug|Any CPU.Build.0 = Debug|Any CPU
		{67A46C51-9985-4B11-82B3-957F850F729E}.Release|Any CPU.ActiveCfg = Release|Any CPU
		{67A46C51-9985-4B11-82B3-957F850F729E}.Release|Any CPU.Build.0 = Release|Any CPU
		{F136B227-151B-41B5-BB6F-B3D87390F762}.Debug|Any CPU.ActiveCfg = Debug|Any CPU
		{F136B227-151B-41B5-BB6F-B3D87390F762}.Debug|Any CPU.Build.0 = Debug|Any CPU
		{F136B227-151B-41B5-BB6F-B3D87390F762}.Release|Any CPU.ActiveCfg = Release|Any CPU
		{F136B227-151B-41B5-BB6F-B3D87390F762}.Release|Any CPU.Build.0 = Release|Any CPU
	EndGlobalSection
	GlobalSection(SolutionProperties) = preSolution
		HideSolutionNode = FALSE
	EndGlobalSection
	GlobalSection(ExtensibilityGlobals) = postSolution
		SolutionGuid = {05C2F49D-FDFA-43FE-A800-74E3EDED80F2}
	EndGlobalSection
EndGlobal
